
Microsoft Visual Studio Solution File, Format Version 12.00
# Visual Studio Version 17
VisualStudioVersion = 17.11.35312.102
MinimumVisualStudioVersion = 10.0.40219.1
Project("{9A19103F-16F7-4668-BE54-9A1E7A4F7556}") = "eAppointmentServer.Domain", "eAppointmentServer.Domain\eAppointmentServer.Domain.csproj", "{FCE822D4-010A-4793-9A1D-15857BD65CD7}"
EndProject
Project("{9A19103F-16F7-4668-BE54-9A1E7A4F7556}") = "eAppointmentServer.Application", "eAppointmentServer.Application\eAppointmentServer.Application.csproj", "{B3D0B257-7E8D-49C4-9984-7E7129B30CD8}"
EndProject
Project("{9A19103F-16F7-4668-BE54-9A1E7A4F7556}") = "eAppointmentServer.Infrastructure", "eAppointmentServer.Infrastructure\eAppointmentServer.Infrastructure.csproj", "{EA4D3FAA-21D3-4CB1-810F-9D0DE36B771F}"
EndProject
Project("{FAE04EC0-301F-11D3-BF4B-00C04F79EFBC}") = "eAppointmentServer.WebAPI", "eAppointmentServer.WebAPI\eAppointmentServer.WebAPI.csproj", "{EA960FD2-7228-4FB7-92A2-25FA3F9CD5B0}"
EndProject
Global
	GlobalSection(SolutionConfigurationPlatforms) = preSolution
		Debug|Any CPU = Debug|Any CPU
		Release|Any CPU = Release|Any CPU
	EndGlobalSection
	GlobalSection(ProjectConfigurationPlatforms) = postSolution
		{FCE822D4-010A-4793-9A1D-15857BD65CD7}.Debug|Any CPU.ActiveCfg = Debug|Any CPU
		{FCE822D4-010A-4793-9A1D-15857BD65CD7}.Debug|Any CPU.Build.0 = Debug|Any CPU
		{FCE822D4-010A-4793-9A1D-15857BD65CD7}.Release|Any CPU.ActiveCfg = Release|Any CPU
		{FCE822D4-010A-4793-9A1D-15857BD65CD7}.Release|Any CPU.Build.0 = Release|Any CPU
		{B3D0B257-7E8D-49C4-9984-7E7129B30CD8}.Debug|Any CPU.ActiveCfg = Debug|Any CPU
		{B3D0B257-7E8D-49C4-9984-7E7129B30CD8}.Debug|Any CPU.Build.0 = Debug|Any CPU
		{B3D0B257-7E8D-49C4-9984-7E7129B30CD8}.Release|Any CPU.ActiveCfg = Release|Any CPU
		{B3D0B257-7E8D-49C4-9984-7E7129B30CD8}.Release|Any CPU.Build.0 = Release|Any CPU
		{EA4D3FAA-21D3-4CB1-810F-9D0DE36B771F}.Debug|Any CPU.ActiveCfg = Debug|Any CPU
		{EA4D3FAA-21D3-4CB1-810F-9D0DE36B771F}.Debug|Any CPU.Build.0 = Debug|Any CPU
		{EA4D3FAA-21D3-4CB1-810F-9D0DE36B771F}.Release|Any CPU.ActiveCfg = Release|Any CPU
		{EA4D3FAA-21D3-4CB1-810F-9D0DE36B771F}.Release|Any CPU.Build.0 = Release|Any CPU
		{EA960FD2-7228-4FB7-92A2-25FA3F9CD5B0}.Debug|Any CPU.ActiveCfg = Debug|Any CPU
		{EA960FD2-7228-4FB7-92A2-25FA3F9CD5B0}.Debug|Any CPU.Build.0 = Debug|Any CPU
		{EA960FD2-7228-4FB7-92A2-25FA3F9CD5B0}.Release|Any CPU.ActiveCfg = Release|Any CPU
		{EA960FD2-7228-4FB7-92A2-25FA3F9CD5B0}.Release|Any CPU.Build.0 = Release|Any CPU
	EndGlobalSection
	GlobalSection(SolutionProperties) = preSolution
		HideSolutionNode = FALSE
	EndGlobalSection
	GlobalSection(ExtensibilityGlobals) = postSolution
		SolutionGuid = {D124E857-3235-47F3-839C-66D8DD6FD340}
	EndGlobalSection
EndGlobal
